Microsoft Visual Studio Solution File, Format Version 12.00
# Visual Studio 15
VisualStudioVersion = 15.0.26730.16
MinimumVisualStudioVersion = 10.0.40219.1
Project("{2150E333-8FDC-42A3-9474-1A3956D46DE8}") = "Scripts", "Scripts", "{BBF059F0-722F-4DCC-AF7F-82054E8EF9F4}"
	ProjectSection(SolutionItems) = preProject
		Scripts\Package.ps1 = Scripts\Package.ps1
		Scripts\Push-Package.ps1 = Scripts\Push-Package.ps1
	EndProjectSection
EndProject
Project("{2150E333-8FDC-42A3-9474-1A3956D46DE8}") = "Solution Items", "Solution Items", "{2C25C63F-7C2F-4025-8A4D-B85ABF2C8A34}"
	ProjectSection(SolutionItems) = preProject
		LICENSE.txt = LICENSE.txt
		Readme.md = Readme.md
	EndProjectSection
EndProject
Project("{9A19103F-16F7-4668-BE54-9A1E7A4F7556}") = "NetLib.Dns", "NetLib.Dns\NetLib.Dns.csproj", "{C7C06028-F66C-4123-9399-8AEF055AD74A}"
EndProject
Project("{9A19103F-16F7-4668-BE54-9A1E7A4F7556}") = "Jabber.Net", "Jabber.Net\Jabber.Net.csproj", "{4EA97015-BE28-4B5B-8ECD-83B5A724AAF2}"
EndProject
Project("{FAE04EC0-301F-11D3-BF4B-00C04F79EFBC}") = "Jabber.Net.Test", "Jabber.Net.Test\Jabber.Net.Test.csproj", "{75149394-ECFA-465E-BF5D-6EDD2CFEA4C3}"
EndProject
Global
	GlobalSection(SolutionConfigurationPlatforms) = preSolution
		Debug|Any CPU = Debug|Any CPU
		Release|Any CPU = Release|Any CPU
	EndGlobalSection
	GlobalSection(ProjectConfigurationPlatforms) = postSolution
		{C7C06028-F66C-4123-9399-8AEF055AD74A}.Debug|Any CPU.ActiveCfg = Debug|Any CPU
		{C7C06028-F66C-4123-9399-8AEF055AD74A}.Debug|Any CPU.Build.0 = Debug|Any CPU
		{C7C06028-F66C-4123-9399-8AEF055AD74A}.Release|Any CPU.ActiveCfg = Release|Any CPU
		{C7C06028-F66C-4123-9399-8AEF055AD74A}.Release|Any CPU.Build.0 = Release|Any CPU
		{4EA97015-BE28-4B5B-8ECD-83B5A724AAF2}.Debug|Any CPU.ActiveCfg = Debug|Any CPU
		{4EA97015-BE28-4B5B-8ECD-83B5A724AAF2}.Debug|Any CPU.Build.0 = Debug|Any CPU
		{4EA97015-BE28-4B5B-8ECD-83B5A724AAF2}.Release|Any CPU.ActiveCfg = Release|Any CPU
		{4EA97015-BE28-4B5B-8ECD-83B5A724AAF2}.Release|Any CPU.Build.0 = Release|Any CPU
		{75149394-ECFA-465E-BF5D-6EDD2CFEA4C3}.Debug|Any CPU.ActiveCfg = Debug|Any CPU
		{75149394-ECFA-465E-BF5D-6EDD2CFEA4C3}.Debug|Any CPU.Build.0 = Debug|Any CPU
		{75149394-ECFA-465E-BF5D-6EDD2CFEA4C3}.Release|Any CPU.ActiveCfg = Release|Any CPU
		{75149394-ECFA-465E-BF5D-6EDD2CFEA4C3}.Release|Any CPU.Build.0 = Release|Any CPU
	EndGlobalSection
	GlobalSection(SolutionProperties) = preSolution
		HideSolutionNode = FALSE
	EndGlobalSection
	GlobalSection(ExtensibilityGlobals) = postSolution
		SolutionGuid = {950126AF-0BE0-4B25-931D-5A0EEC3458C2}
	EndGlobalSection
EndGlobal
