Microsoft Visual Studio Solution File, Format Version 12.00
# Visual Studio 15
VisualStudioVersion = 15.0.26730.16
MinimumVisualStudioVersion = 10.0.40219.1
Project("{2150E333-8FDC-42A3-9474-1A3956D46DE8}") = ".paket", ".paket", "{BFD2D70D-3C18-4BFD-B70E-38ED872B8F67}"
	ProjectSection(SolutionItems) = preProject
		paket.dependencies = paket.dependencies
	EndProjectSection
EndProject
Project("{2150E333-8FDC-42A3-9474-1A3956D46DE8}") = "scripts", "scripts", "{BBF059F0-722F-4DCC-AF7F-82054E8EF9F4}"
	ProjectSection(SolutionItems) = preProject
		Scripts\Build-Docs.ps1 = Scripts\Build-Docs.ps1
		scripts\Install.ps1 = scripts\Install.ps1
		Scripts\Package.ps1 = Scripts\Package.ps1
		Scripts\Push-Package.ps1 = Scripts\Push-Package.ps1
	EndProjectSection
EndProject
Project("{2150E333-8FDC-42A3-9474-1A3956D46DE8}") = "docs", "docs", "{608EAD0E-6217-4700-B9C1-01488F8B5701}"
	ProjectSection(SolutionItems) = preProject
		docs\generate.fsx = docs\generate.fsx
	EndProjectSection
EndProject
Project("{2150E333-8FDC-42A3-9474-1A3956D46DE8}") = "licenses", "licenses", "{F5D434F5-6D42-4491-85B3-6169D2F15BAE}"
	ProjectSection(SolutionItems) = preProject
		licenses\Jabber-Net_LGPLv3.txt = licenses\Jabber-Net_LGPLv3.txt
		licenses\UNICODE.txt = licenses\UNICODE.txt
		licenses\UnixDnsResolver_BSD.txt = licenses\UnixDnsResolver_BSD.txt
		licenses\xpnet_MIT.txt = licenses\xpnet_MIT.txt
	EndProjectSection
EndProject
Project("{2150E333-8FDC-42A3-9474-1A3956D46DE8}") = "content", "content", "{48441DC4-91E5-4E2D-B2C3-10DCBFAB33E3}"
	ProjectSection(SolutionItems) = preProject
		docs\content\FAQ.md = docs\content\FAQ.md
		docs\content\FAQ_GoogleTalk.md = docs\content\FAQ_GoogleTalk.md
		docs\content\FAQ_More.md = docs\content\FAQ_More.md
		docs\content\FAQ_Packets.md = docs\content\FAQ_Packets.md
		docs\content\FAQ_Register.md = docs\content\FAQ_Register.md
		docs\content\FAQ_UntrustedRootOK.md = docs\content\FAQ_UntrustedRootOK.md
		docs\content\FAQ_Where.md = docs\content\FAQ_Where.md
		docs\content\index.md = docs\content\index.md
		docs\content\SendMessage.md = docs\content\SendMessage.md
	EndProjectSection
EndProject
Project("{2150E333-8FDC-42A3-9474-1A3956D46DE8}") = "templates", "templates", "{E6F7B01B-A762-4833-ABDF-3662E63AC63B}"
	ProjectSection(SolutionItems) = preProject
		docs\templates\namespaces.cshtml = docs\templates\namespaces.cshtml
		docs\templates\template.cshtml = docs\templates\template.cshtml
	EndProjectSection
EndProject
Project("{2150E333-8FDC-42A3-9474-1A3956D46DE8}") = "Solution Items", "Solution Items", "{41BBF093-186E-44EE-9388-B7CE26F3D77E}"
	ProjectSection(SolutionItems) = preProject
		.editorconfig = .editorconfig
		.gitignore = .gitignore
		.travis.yml = .travis.yml
		appveyor.yml = appveyor.yml
		Licensing.md = Licensing.md
		paket.dependencies = paket.dependencies
		paket.lock = paket.lock
		Readme.md = Readme.md
	EndProjectSection
EndProject
Project("{9A19103F-16F7-4668-BE54-9A1E7A4F7556}") = "JabberNet.Netlib.Dns", "src\JabberNet.Netlib.Dns\JabberNet.Netlib.Dns.csproj", "{A47E5E2E-8B74-420B-BDB4-9DA40C306667}"
EndProject
Project("{9A19103F-16F7-4668-BE54-9A1E7A4F7556}") = "JabberNet", "src\JabberNet\JabberNet.csproj", "{862A9BD9-2E6C-4BEE-9F35-CD003A040C95}"
EndProject
Project("{9A19103F-16F7-4668-BE54-9A1E7A4F7556}") = "JabberNet.Test", "tests\JabberNet.Test\JabberNet.Test.csproj", "{1C6286B5-CEEA-4966-9453-C668728E6C45}"
EndProject
Global
	GlobalSection(SolutionConfigurationPlatforms) = preSolution
		Debug|Any CPU = Debug|Any CPU
		Release|Any CPU = Release|Any CPU
		Travis|Any CPU = Travis|Any CPU
	EndGlobalSection
	GlobalSection(ProjectConfigurationPlatforms) = postSolution
		{A47E5E2E-8B74-420B-BDB4-9DA40C306667}.Debug|Any CPU.ActiveCfg = Debug|Any CPU
		{A47E5E2E-8B74-420B-BDB4-9DA40C306667}.Debug|Any CPU.Build.0 = Debug|Any CPU
		{A47E5E2E-8B74-420B-BDB4-9DA40C306667}.Release|Any CPU.ActiveCfg = Release|Any CPU
		{A47E5E2E-8B74-420B-BDB4-9DA40C306667}.Release|Any CPU.Build.0 = Release|Any CPU
		{A47E5E2E-8B74-420B-BDB4-9DA40C306667}.Travis|Any CPU.ActiveCfg = Debug|Any CPU
		{A47E5E2E-8B74-420B-BDB4-9DA40C306667}.Travis|Any CPU.Build.0 = Debug|Any CPU
		{862A9BD9-2E6C-4BEE-9F35-CD003A040C95}.Debug|Any CPU.ActiveCfg = Debug|Any CPU
		{862A9BD9-2E6C-4BEE-9F35-CD003A040C95}.Debug|Any CPU.Build.0 = Debug|Any CPU
		{862A9BD9-2E6C-4BEE-9F35-CD003A040C95}.Release|Any CPU.ActiveCfg = Release|Any CPU
		{862A9BD9-2E6C-4BEE-9F35-CD003A040C95}.Release|Any CPU.Build.0 = Release|Any CPU
		{862A9BD9-2E6C-4BEE-9F35-CD003A040C95}.Travis|Any CPU.ActiveCfg = Debug|Any CPU
		{862A9BD9-2E6C-4BEE-9F35-CD003A040C95}.Travis|Any CPU.Build.0 = Debug|Any CPU
		{1C6286B5-CEEA-4966-9453-C668728E6C45}.Debug|Any CPU.ActiveCfg = Debug|Any CPU
		{1C6286B5-CEEA-4966-9453-C668728E6C45}.Debug|Any CPU.Build.0 = Debug|Any CPU
		{1C6286B5-CEEA-4966-9453-C668728E6C45}.Release|Any CPU.ActiveCfg = Release|Any CPU
		{1C6286B5-CEEA-4966-9453-C668728E6C45}.Release|Any CPU.Build.0 = Release|Any CPU
		{1C6286B5-CEEA-4966-9453-C668728E6C45}.Travis|Any CPU.ActiveCfg = Debug|Any CPU
		{1C6286B5-CEEA-4966-9453-C668728E6C45}.Travis|Any CPU.Build.0 = Debug|Any CPU
	EndGlobalSection
	GlobalSection(SolutionProperties) = preSolution
		HideSolutionNode = FALSE
	EndGlobalSection
	GlobalSection(NestedProjects) = preSolution
		{BFD2D70D-3C18-4BFD-B70E-38ED872B8F67} = {41BBF093-186E-44EE-9388-B7CE26F3D77E}
		{BBF059F0-722F-4DCC-AF7F-82054E8EF9F4} = {41BBF093-186E-44EE-9388-B7CE26F3D77E}
		{608EAD0E-6217-4700-B9C1-01488F8B5701} = {41BBF093-186E-44EE-9388-B7CE26F3D77E}
		{F5D434F5-6D42-4491-85B3-6169D2F15BAE} = {41BBF093-186E-44EE-9388-B7CE26F3D77E}
		{48441DC4-91E5-4E2D-B2C3-10DCBFAB33E3} = {608EAD0E-6217-4700-B9C1-01488F8B5701}
		{E6F7B01B-A762-4833-ABDF-3662E63AC63B} = {608EAD0E-6217-4700-B9C1-01488F8B5701}
	EndGlobalSection
	GlobalSection(ExtensibilityGlobals) = postSolution
		SolutionGuid = {262E5133-5D08-4054-BA4B-25348C56A373}
	EndGlobalSection
EndGlobal
